
Microsoft Visual Studio Solution File, Format Version 11.00
# Visual Studio 2010
Project("{FAE04EC0-301F-11D3-BF4B-00C04F79EFBC}") = "Weraku Jam", "Assembly-CSharp.csproj", "{663193F3-BC56-132B-41A1-C4467BE31EFB}"
EndProject
Global
	GlobalSection(SolutionConfigurationPlatforms) = preSolution
		Debug|Any CPU = Debug|Any CPU
		Release|Any CPU = Release|Any CPU
	EndGlobalSection
	GlobalSection(ProjectConfigurationPlatforms) = postSolution
		{663193F3-BC56-132B-41A1-C4467BE31EFB}.Debug|Any CPU.ActiveCfg = Debug|Any CPU
		{663193F3-BC56-132B-41A1-C4467BE31EFB}.Debug|Any CPU.Build.0 = Debug|Any CPU
		{663193F3-BC56-132B-41A1-C4467BE31EFB}.Release|Any CPU.ActiveCfg = Release|Any CPU
		{663193F3-BC56-132B-41A1-C4467BE31EFB}.Release|Any CPU.Build.0 = Release|Any CPU
	EndGlobalSection
	GlobalSection(SolutionProperties) = preSolution
		HideSolutionNode = FALSE
	EndGlobalSection
	GlobalSection(MonoDevelopProperties) = preSolution
		StartupItem = Assembly-CSharp.csproj
	EndGlobalSection
EndGlobal
